
Microsoft Visual Studio Solution File, Format Version 12.00
# Visual Studio Version 16
VisualStudioVersion = 16.0.30523.141
MinimumVisualStudioVersion = 10.0.40219.1
Project("{FAE04EC0-301F-11D3-BF4B-00C04F79EFBC}") = "Pikuniku Save Manager", "Pikuniku Save Manager.csproj", "{5D757295-B3EE-4D82-9E2F-40C71FC8F787}"
EndProject
Global
	GlobalSection(SolutionConfigurationPlatforms) = preSolution
		Debug|Any CPU = Debug|Any CPU
		Release|Any CPU = Release|Any CPU
	EndGlobalSection
	GlobalSection(ProjectConfigurationPlatforms) = postSolution
		{5D757295-B3EE-4D82-9E2F-40C71FC8F787}.Debug|Any CPU.ActiveCfg = Debug|Any CPU
		{5D757295-B3EE-4D82-9E2F-40C71FC8F787}.Debug|Any CPU.Build.0 = Debug|Any CPU
		{5D757295-B3EE-4D82-9E2F-40C71FC8F787}.Release|Any CPU.ActiveCfg = Release|Any CPU
		{5D757295-B3EE-4D82-9E2F-40C71FC8F787}.Release|Any CPU.Build.0 = Release|Any CPU
	EndGlobalSection
	GlobalSection(SolutionProperties) = preSolution
		HideSolutionNode = FALSE
	EndGlobalSection
	GlobalSection(ExtensibilityGlobals) = postSolution
		SolutionGuid = {1AFC2D44-7D9C-46A2-9D06-AE3DCE0832D2}
	EndGlobalSection
EndGlobal
